schema: '2.0'
stages:
  test-dvclive:
    cmd: python test_live_metrics.py
    params:
      params.yaml:
        epochs: 10
        trigger: 1
    outs:
    - path: dvclive/metrics.json
      md5: 58008c324b241739577418f8ee3ee5a4
      size: 53
    - path: dvclive/plots
      md5: b52b79400c65aa4bcba86f34dff79989.dir
      size: 209
      nfiles: 1
