schema: '2.0'
stages:
  test-dvclive:
    cmd: python test_live_metrics.py
    params:
      params.yaml:
        epochs: 15
        trigger: 1
    outs:
    - path: dvclive/metrics.json
      md5: 89f2f46685b8d772e44f7ca34a638d4f
      size: 54
    - path: dvclive/plots
      md5: 5a296a4006ee613c802e3ed406d61695.dir
      size: 331
      nfiles: 1
