schema: '2.0'
stages:
  test-dvclive:
    cmd: python test_live_metrics.py
    params:
      params.yaml:
        epochs: 15
        trigger: 3
    outs:
    - path: dvclive/metrics.json
      md5: bf8aeee584b1dcc8cc1b646f9e7ab3a0
      size: 54
    - path: dvclive/plots
      md5: 4da05d8252b7c62691e9efb4a410128f.dir
      size: 319
      nfiles: 1
